
Microsoft Visual Studio Solution File, Format Version 12.00
# Visual Studio Version 17
VisualStudioVersion = 17.0.31903.59
MinimumVisualStudioVersion = 10.0.40219.1
Project("{2150E333-8FDC-42A3-9474-1A3956D46DE8}") = "src", "src", "{08C47A45-E7C0-4158-B6F7-65CDEDDC0179}"
EndProject
Project("{FAE04EC0-301F-11D3-BF4B-00C04F79EFBC}") = "Qingdian.AutoClicker", "src\Qingdian.AutoClicker\Qingdian.AutoClicker.csproj", "{3B3100EB-9521-4941-B129-AF9B692CF7A1}"
EndProject
Project("{2150E333-8FDC-42A3-9474-1A3956D46DE8}") = "tests", "tests", "{E2304758-6394-4718-9F75-E4561CEF5FB1}"
EndProject
Project("{FAE04EC0-301F-11D3-BF4B-00C04F79EFBC}") = "Qingdian.AutoClicker.Tests", "tests\Qingdian.AutoClicker.Tests\Qingdian.AutoClicker.Tests.csproj", "{46A72B48-D28A-47BF-A260-ED45AE09B34D}"
EndProject
Global
	GlobalSection(SolutionConfigurationPlatforms) = preSolution
		Debug|Any CPU = Debug|Any CPU
		Release|Any CPU = Release|Any CPU
	EndGlobalSection
	GlobalSection(SolutionProperties) = preSolution
		HideSolutionNode = FALSE
	EndGlobalSection
	GlobalSection(ProjectConfigurationPlatforms) = postSolution
		{3B3100EB-9521-4941-B129-AF9B692CF7A1}.Debug|Any CPU.ActiveCfg = Debug|Any CPU
		{3B3100EB-9521-4941-B129-AF9B692CF7A1}.Debug|Any CPU.Build.0 = Debug|Any CPU
		{3B3100EB-9521-4941-B129-AF9B692CF7A1}.Release|Any CPU.ActiveCfg = Release|Any CPU
		{3B3100EB-9521-4941-B129-AF9B692CF7A1}.Release|Any CPU.Build.0 = Release|Any CPU
		{46A72B48-D28A-47BF-A260-ED45AE09B34D}.Debug|Any CPU.ActiveCfg = Debug|Any CPU
		{46A72B48-D28A-47BF-A260-ED45AE09B34D}.Debug|Any CPU.Build.0 = Debug|Any CPU
		{46A72B48-D28A-47BF-A260-ED45AE09B34D}.Release|Any CPU.ActiveCfg = Release|Any CPU
		{46A72B48-D28A-47BF-A260-ED45AE09B34D}.Release|Any CPU.Build.0 = Release|Any CPU
	EndGlobalSection
	GlobalSection(NestedProjects) = preSolution
		{3B3100EB-9521-4941-B129-AF9B692CF7A1} = {08C47A45-E7C0-4158-B6F7-65CDEDDC0179}
		{46A72B48-D28A-47BF-A260-ED45AE09B34D} = {E2304758-6394-4718-9F75-E4561CEF5FB1}
	EndGlobalSection
EndGlobal
